
Microsoft Visual Studio Solution File, Format Version 12.00
# Visual Studio Version 16
VisualStudioVersion = 16.0.28729.10
MinimumVisualStudioVersion = 15.0.26124.0
Project("{9A19103F-16F7-4668-BE54-9A1E7A4F7556}") = "Sol", "Sol\Sol.csproj", "{3A0A580D-A43E-4DB1-835E-CE7FD2A27EE8}"
EndProject
Project("{8BC9CEB8-8B4A-11D0-8D11-00A0C91BC942}") = "Equinox", "Equinox\Equinox.vcxproj", "{E9ECBDC1-DFDD-4458-BFE3-BEDD9F183BF9}"
EndProject
Global
	GlobalSection(SolutionConfigurationPlatforms) = preSolution
		Debug|Any CPU = Debug|Any CPU
		Debug|x64 = Debug|x64
		Debug|x86 = Debug|x86
		Release|Any CPU = Release|Any CPU
		Release|x64 = Release|x64
		Release|x86 = Release|x86
	EndGlobalSection
	GlobalSection(ProjectConfigurationPlatforms) = postSolution
		{3A0A580D-A43E-4DB1-835E-CE7FD2A27EE8}.Debug|Any CPU.ActiveCfg = Debug|Any CPU
		{3A0A580D-A43E-4DB1-835E-CE7FD2A27EE8}.Debug|Any CPU.Build.0 = Debug|Any CPU
		{3A0A580D-A43E-4DB1-835E-CE7FD2A27EE8}.Debug|x64.ActiveCfg = Debug|Any CPU
		{3A0A580D-A43E-4DB1-835E-CE7FD2A27EE8}.Debug|x64.Build.0 = Debug|Any CPU
		{3A0A580D-A43E-4DB1-835E-CE7FD2A27EE8}.Debug|x86.ActiveCfg = Debug|Any CPU
		{3A0A580D-A43E-4DB1-835E-CE7FD2A27EE8}.Debug|x86.Build.0 = Debug|Any CPU
		{3A0A580D-A43E-4DB1-835E-CE7FD2A27EE8}.Release|Any CPU.ActiveCfg = Release|Any CPU
		{3A0A580D-A43E-4DB1-835E-CE7FD2A27EE8}.Release|Any CPU.Build.0 = Release|Any CPU
		{3A0A580D-A43E-4DB1-835E-CE7FD2A27EE8}.Release|x64.ActiveCfg = Release|Any CPU
		{3A0A580D-A43E-4DB1-835E-CE7FD2A27EE8}.Release|x64.Build.0 = Release|Any CPU
		{3A0A580D-A43E-4DB1-835E-CE7FD2A27EE8}.Release|x86.ActiveCfg = Release|Any CPU
		{3A0A580D-A43E-4DB1-835E-CE7FD2A27EE8}.Release|x86.Build.0 = Release|Any CPU
		{E9ECBDC1-DFDD-4458-BFE3-BEDD9F183BF9}.Debug|Any CPU.ActiveCfg = Debug|Win32
		{E9ECBDC1-DFDD-4458-BFE3-BEDD9F183BF9}.Debug|x64.ActiveCfg = Debug|x64
		{E9ECBDC1-DFDD-4458-BFE3-BEDD9F183BF9}.Debug|x64.Build.0 = Debug|x64
		{E9ECBDC1-DFDD-4458-BFE3-BEDD9F183BF9}.Debug|x86.ActiveCfg = Debug|Win32
		{E9ECBDC1-DFDD-4458-BFE3-BEDD9F183BF9}.Debug|x86.Build.0 = Debug|Win32
		{E9ECBDC1-DFDD-4458-BFE3-BEDD9F183BF9}.Release|Any CPU.ActiveCfg = Release|Win32
		{E9ECBDC1-DFDD-4458-BFE3-BEDD9F183BF9}.Release|x64.ActiveCfg = Release|x64
		{E9ECBDC1-DFDD-4458-BFE3-BEDD9F183BF9}.Release|x64.Build.0 = Release|x64
		{E9ECBDC1-DFDD-4458-BFE3-BEDD9F183BF9}.Release|x86.ActiveCfg = Release|Win32
		{E9ECBDC1-DFDD-4458-BFE3-BEDD9F183BF9}.Release|x86.Build.0 = Release|Win32
	EndGlobalSection
	GlobalSection(SolutionProperties) = preSolution
		HideSolutionNode = FALSE
	EndGlobalSection
	GlobalSection(ExtensibilityGlobals) = postSolution
		SolutionGuid = {6E0BDAB6-83C9-4CDA-B0D9-AFC306C5BF9E}
	EndGlobalSection
EndGlobal
